Microsoft Visual Studio Solution File, Format Version 11.00
# Visual Studio 2008

Project("{5D94D988-376B-B252-06E2-D3A1F6152B2E}") = "Balade_Nocturne", "Assembly-CSharp.csproj", "{DFFCF18A-3854-6B61-9CAA-139EA9AA129F}"
EndProject
Global
	GlobalSection(SolutionConfigurationPlatforms) = preSolution
		Debug|Any CPU = Debug|Any CPU
		Release|Any CPU = Release|Any CPU
	EndGlobalSection
	GlobalSection(ProjectConfigurationPlatforms) = postSolution
		{DFFCF18A-3854-6B61-9CAA-139EA9AA129F}.Debug|Any CPU.ActiveCfg = Debug|Any CPU
		{DFFCF18A-3854-6B61-9CAA-139EA9AA129F}.Debug|Any CPU.Build.0 = Debug|Any CPU
		{DFFCF18A-3854-6B61-9CAA-139EA9AA129F}.Release|Any CPU.ActiveCfg = Release|Any CPU
		{DFFCF18A-3854-6B61-9CAA-139EA9AA129F}.Release|Any CPU.Build.0 = Release|Any CPU
	EndGlobalSection
	GlobalSection(SolutionProperties) = preSolution
		HideSolutionNode = FALSE
	EndGlobalSection
	GlobalSection(MonoDevelopProperties) = preSolution
		StartupItem = Assembly-CSharp.csproj
	EndGlobalSection
EndGlobal
