
Microsoft Visual Studio Solution File, Format Version 12.00
# Visual Studio 2015
Project("{FAE04EC0-301F-11D3-BF4B-00C04F79EFBC}") = "Balade_Nocturne", "Balade_Nocturne.csproj", "{441DA8B3-700B-87BB-1F49-F730E1AD16CF}"
EndProject
Global
	GlobalSection(SolutionConfigurationPlatforms) = preSolution
		Debug|Any CPU = Debug|Any CPU
		Release|Any CPU = Release|Any CPU
	EndGlobalSection
	GlobalSection(ProjectConfigurationPlatforms) = postSolution
		{441DA8B3-700B-87BB-1F49-F730E1AD16CF}.Debug|Any CPU.ActiveCfg = Debug|Any CPU
		{441DA8B3-700B-87BB-1F49-F730E1AD16CF}.Debug|Any CPU.Build.0 = Debug|Any CPU
		{441DA8B3-700B-87BB-1F49-F730E1AD16CF}.Release|Any CPU.ActiveCfg = Release|Any CPU
		{441DA8B3-700B-87BB-1F49-F730E1AD16CF}.Release|Any CPU.Build.0 = Release|Any CPU
	EndGlobalSection
	GlobalSection(SolutionProperties) = preSolution
		HideSolutionNode = FALSE
	EndGlobalSection
EndGlobal
